
Microsoft Visual Studio Solution File, Format Version 12.00
# Visual Studio Express 2012 for Windows Desktop
Project("{8BC9CEB8-8B4A-11D0-8D11-00A0C91BC942}") = "Proj3Prob4", "Proj3Prob4\Proj3Prob4.vcxproj", "{E755E648-142D-4835-AF3D-C346348F2B2B}"
EndProject
Global
	GlobalSection(SolutionConfigurationPlatforms) = preSolution
		Debug|Win32 = Debug|Win32
		Release|Win32 = Release|Win32
	EndGlobalSection
	GlobalSection(ProjectConfigurationPlatforms) = postSolution
		{E755E648-142D-4835-AF3D-C346348F2B2B}.Debug|Win32.ActiveCfg = Debug|Win32
		{E755E648-142D-4835-AF3D-C346348F2B2B}.Debug|Win32.Build.0 = Debug|Win32
		{E755E648-142D-4835-AF3D-C346348F2B2B}.Release|Win32.ActiveCfg = Release|Win32
		{E755E648-142D-4835-AF3D-C346348F2B2B}.Release|Win32.Build.0 = Release|Win32
	EndGlobalSection
	GlobalSection(SolutionProperties) = preSolution
		HideSolutionNode = FALSE
	EndGlobalSection
EndGlobal
