
Microsoft Visual Studio Solution File, Format Version 12.00
# Visual Studio Express 2012 for Windows Desktop
Project("{8BC9CEB8-8B4A-11D0-8D11-00A0C91BC942}") = "Proj3Prob5", "Proj3Prob5\Proj3Prob5.vcxproj", "{136DE235-6AAF-4591-9AD9-D361E24FD6B9}"
EndProject
Global
	GlobalSection(SolutionConfigurationPlatforms) = preSolution
		Debug|Win32 = Debug|Win32
		Release|Win32 = Release|Win32
	EndGlobalSection
	GlobalSection(ProjectConfigurationPlatforms) = postSolution
		{136DE235-6AAF-4591-9AD9-D361E24FD6B9}.Debug|Win32.ActiveCfg = Debug|Win32
		{136DE235-6AAF-4591-9AD9-D361E24FD6B9}.Debug|Win32.Build.0 = Debug|Win32
		{136DE235-6AAF-4591-9AD9-D361E24FD6B9}.Release|Win32.ActiveCfg = Release|Win32
		{136DE235-6AAF-4591-9AD9-D361E24FD6B9}.Release|Win32.Build.0 = Release|Win32
	EndGlobalSection
	GlobalSection(SolutionProperties) = preSolution
		HideSolutionNode = FALSE
	EndGlobalSection
EndGlobal
